
Microsoft Visual Studio Solution File, Format Version 12.00
# Visual Studio 15
VisualStudioVersion = 15.0.27130.2010
MinimumVisualStudioVersion = 10.0.40219.1
Project("{FAE04EC0-301F-11D3-BF4B-00C04F79EFBC}") = "TCCApp.Android", "TCCApp\TCCApp.Android\TCCApp.Android.csproj", "{06F6C5A1-F75C-48E4-AD1D-313953E695EC}"
EndProject
Project("{FAE04EC0-301F-11D3-BF4B-00C04F79EFBC}") = "TCCApp", "TCCApp\TCCApp\TCCApp.csproj", "{3092E8DE-5E8B-4FBA-B250-46C5A577F2F0}"
EndProject
Global
	GlobalSection(SolutionConfigurationPlatforms) = preSolution
		Debug|Any CPU = Debug|Any CPU
		Release|Any CPU = Release|Any CPU
	EndGlobalSection
	GlobalSection(ProjectConfigurationPlatforms) = postSolution
		{06F6C5A1-F75C-48E4-AD1D-313953E695EC}.Debug|Any CPU.ActiveCfg = Debug|Any CPU
		{06F6C5A1-F75C-48E4-AD1D-313953E695EC}.Debug|Any CPU.Build.0 = Debug|Any CPU
		{06F6C5A1-F75C-48E4-AD1D-313953E695EC}.Debug|Any CPU.Deploy.0 = Debug|Any CPU
		{06F6C5A1-F75C-48E4-AD1D-313953E695EC}.Release|Any CPU.ActiveCfg = Release|Any CPU
		{06F6C5A1-F75C-48E4-AD1D-313953E695EC}.Release|Any CPU.Build.0 = Release|Any CPU
		{06F6C5A1-F75C-48E4-AD1D-313953E695EC}.Release|Any CPU.Deploy.0 = Release|Any CPU
		{3092E8DE-5E8B-4FBA-B250-46C5A577F2F0}.Debug|Any CPU.ActiveCfg = Debug|Any CPU
		{3092E8DE-5E8B-4FBA-B250-46C5A577F2F0}.Debug|Any CPU.Build.0 = Debug|Any CPU
		{3092E8DE-5E8B-4FBA-B250-46C5A577F2F0}.Release|Any CPU.ActiveCfg = Release|Any CPU
		{3092E8DE-5E8B-4FBA-B250-46C5A577F2F0}.Release|Any CPU.Build.0 = Release|Any CPU
	EndGlobalSection
	GlobalSection(SolutionProperties) = preSolution
		HideSolutionNode = FALSE
	EndGlobalSection
	GlobalSection(ExtensibilityGlobals) = postSolution
		SolutionGuid = {749821C7-0361-4D86-9BA8-310BC90104B6}
	EndGlobalSection
EndGlobal
